{
    "_readme": [
        "This file locks the dependencies of your project to a known state",
        "Read more about it at https://getcomposer.org/doc/01-basic-usage.md#composer-lock-the-lock-file",
        "This file is @generated automatically"
    ],
    "hash": "9479f3014ec494c60b5aaa2db938f64c",
    "content-hash": "df7eb7062155ccf15dee7598bda32ef4",
    "packages": [
        {
            "name": "arzynik/tipsy",
            "version": "dev-master",
            "source": {
                "type": "git",
                "url": "https://github.com/arzynik/tipsy.git",
                "reference": "16f14e9ec927bae0dfa326086a7a2cff4a598ca8"
            },
            "dist": {
                "type": "zip",
                "url": "https://api.github.com/repos/arzynik/tipsy/zipball/16f14e9ec927bae0dfa326086a7a2cff4a598ca8",
                "reference": "16f14e9ec927bae0dfa326086a7a2cff4a598ca8",
                "shasum": ""
            },
            "require": {
                "php": ">=5.4.0"
            },
            "require-dev": {
                "satooshi/php-coveralls": "dev-master"
            },
            "type": "library",
            "autoload": {
                "psr-0": {
                    "Tipsy": "src/"
                }
            },
            "notification-url": "https://packagist.org/downloads/",
            "license": [
                "MIT"
            ],
            "authors": [
                {
                    "name": "Devin Smith",
                    "email": "devin@tipsy.la",
                    "homepage": "http://devin.la",
                    "role": "Developer"
                }
            ],
            "description": "An MVW PHP framework",
            "keywords": [
                "framework",
                "mvc",
                "mvw",
                "php"
            ],
            "time": "2015-12-03 21:07:02"
        }
    ],
    "packages-dev": [],
    "aliases": [],
    "minimum-stability": "stable",
    "stability-flags": {
        "arzynik/tipsy": 20
    },
    "prefer-stable": false,
    "prefer-lowest": false,
    "platform": [],
    "platform-dev": []
}
