{
    "_readme": [
        "This file locks the dependencies of your project to a known state",
        "Read more about it at https://getcomposer.org/doc/01-basic-usage.md#composer-lock-the-lock-file",
        "This file is @generated automatically"
    ],
    "hash": "074507bb87a09101accc107e4d88f204",
    "content-hash": "0276c0948095fc2b2afcf12bb755bcd3",
    "packages": [
        {
            "name": "arzynik/tipsy",
            "version": "dev-master",
            "source": {
                "type": "git",
                "url": "https://github.com/arzynik/tipsy.git",
                "reference": "c0e6893d6b86dd49feb686a9eadfde8927836311"
            },
            "dist": {
                "type": "zip",
                "url": "https://api.github.com/repos/arzynik/tipsy/zipball/c0e6893d6b86dd49feb686a9eadfde8927836311",
                "reference": "c0e6893d6b86dd49feb686a9eadfde8927836311",
                "shasum": ""
            },
            "require": {
                "php": ">=5.4.0"
            },
            "require-dev": {
                "satooshi/php-coveralls": "dev-master"
            },
            "type": "library",
            "autoload": {
                "psr-4": {
                    "Tipsy\\": "src/"
                }
            },
            "notification-url": "https://packagist.org/downloads/",
            "license": [
                "MIT"
            ],
            "authors": [
                {
                    "name": "Devin Smith",
                    "email": "devin@tipsy.la",
                    "homepage": "http://devin.la",
                    "role": "Developer"
                }
            ],
            "description": "An MVW PHP framework",
            "keywords": [
                "framework",
                "mvc",
                "mvw",
                "php"
            ],
            "time": "2015-12-04 19:26:53"
        },
        {
            "name": "arzynik/tipsy-mvc",
            "version": "dev-master",
            "source": {
                "type": "git",
                "url": "https://github.com/arzynik/tipsy-mvc.git",
                "reference": "d65d9be31a6e76fa3cc9b7e6ef72d4187b8eb9fd"
            },
            "dist": {
                "type": "zip",
                "url": "https://api.github.com/repos/arzynik/tipsy-mvc/zipball/d65d9be31a6e76fa3cc9b7e6ef72d4187b8eb9fd",
                "reference": "d65d9be31a6e76fa3cc9b7e6ef72d4187b8eb9fd",
                "shasum": ""
            },
            "require": {
                "arzynik/tipsy": "dev-master",
                "php": ">=5.4.0"
            },
            "require-dev": {
                "satooshi/php-coveralls": "dev-master"
            },
            "type": "library",
            "autoload": {
                "psr-4": {
                    "Tipsy\\MVC\\": "src/"
                },
                "files": [
                    "src/Run.php"
                ]
            },
            "notification-url": "https://packagist.org/downloads/",
            "license": [
                "MIT"
            ],
            "authors": [
                {
                    "name": "Devin Smith",
                    "email": "devin@tipsy.la",
                    "homepage": "http://devin.la",
                    "role": "Developer"
                }
            ],
            "description": "An MVC extension for Tipsy",
            "keywords": [
                "extension",
                "framework",
                "mvc",
                "php",
                "plugin"
            ],
            "time": "2015-12-04 22:53:31"
        }
    ],
    "packages-dev": [],
    "aliases": [],
    "minimum-stability": "stable",
    "stability-flags": {
        "arzynik/tipsy": 20,
        "arzynik/tipsy-mvc": 20
    },
    "prefer-stable": false,
    "prefer-lowest": false,
    "platform": [],
    "platform-dev": []
}
